
Microsoft Visual Studio Solution File, Format Version 12.00
# Visual Studio 2013
VisualStudioVersion = 12.0.21005.1
MinimumVisualStudioVersion = 10.0.40219.1
Project("{E24C65DC-7377-472B-9ABA-BC803B73C61A}") = "DrShop20151206(1)", "http://localhost:55989", "{6585F44A-04E9-4D63-AD5A-B06DB6A2E78F}"
	ProjectSection(WebsiteProperties) = preProject
		UseIISExpress = "true"
		TargetFrameworkMoniker = ".NETFramework,Version%3Dv4.0"
		Debug.AspNetCompiler.VirtualPath = "/localhost_55989"
		Debug.AspNetCompiler.PhysicalPath = "DrShop20151206\"
		Debug.AspNetCompiler.TargetPath = "PrecompiledWeb\localhost_55989\"
		Debug.AspNetCompiler.Updateable = "true"
		Debug.AspNetCompiler.ForceOverwrite = "true"
		Debug.AspNetCompiler.FixedNames = "false"
		Debug.AspNetCompiler.Debug = "True"
		Release.AspNetCompiler.VirtualPath = "/localhost_55989"
		Release.AspNetCompiler.PhysicalPath = "DrShop20151206\"
		Release.AspNetCompiler.TargetPath = "PrecompiledWeb\localhost_55989\"
		Release.AspNetCompiler.Updateable = "true"
		Release.AspNetCompiler.ForceOverwrite = "true"
		Release.AspNetCompiler.FixedNames = "false"
		Release.AspNetCompiler.Debug = "False"
		SlnRelativePath = "DrShop20151206\"
	EndProjectSection
EndProject
Project("{FAE04EC0-301F-11D3-BF4B-00C04F79EFBC}") = "DrShop.Ext", "DrShop.Ext\DrShop.Ext.csproj", "{B5C5ADF0-F3CF-46E8-BCE1-69986ABF33E9}"
EndProject
Global
	GlobalSection(SolutionConfigurationPlatforms) = preSolution
		Debug|Any CPU = Debug|Any CPU
		Release|Any CPU = Release|Any CPU
	EndGlobalSection
	GlobalSection(ProjectConfigurationPlatforms) = postSolution
		{6585F44A-04E9-4D63-AD5A-B06DB6A2E78F}.Debug|Any CPU.ActiveCfg = Debug|Any CPU
		{6585F44A-04E9-4D63-AD5A-B06DB6A2E78F}.Debug|Any CPU.Build.0 = Debug|Any CPU
		{6585F44A-04E9-4D63-AD5A-B06DB6A2E78F}.Release|Any CPU.ActiveCfg = Debug|Any CPU
		{6585F44A-04E9-4D63-AD5A-B06DB6A2E78F}.Release|Any CPU.Build.0 = Debug|Any CPU
		{B5C5ADF0-F3CF-46E8-BCE1-69986ABF33E9}.Debug|Any CPU.ActiveCfg = Debug|Any CPU
		{B5C5ADF0-F3CF-46E8-BCE1-69986ABF33E9}.Debug|Any CPU.Build.0 = Debug|Any CPU
		{B5C5ADF0-F3CF-46E8-BCE1-69986ABF33E9}.Release|Any CPU.ActiveCfg = Release|Any CPU
		{B5C5ADF0-F3CF-46E8-BCE1-69986ABF33E9}.Release|Any CPU.Build.0 = Release|Any CPU
	EndGlobalSection
	GlobalSection(SolutionProperties) = preSolution
		HideSolutionNode = FALSE
	EndGlobalSection
EndGlobal
